
Microsoft Visual Studio Solution File, Format Version 12.00
# Visual Studio Version 17
VisualStudioVersion = 17.9.34622.214
MinimumVisualStudioVersion = 10.0.40219.1
Project("{FAE04EC0-301F-11D3-BF4B-00C04F79EFBC}") = "Week6StringsAndArrays", "Week6StringsAndArrays\Week6StringsAndArrays.csproj", "{CA1EC994-38A7-4A96-B072-61B625E193BF}"
EndProject
Project("{FAE04EC0-301F-11D3-BF4B-00C04F79EFBC}") = "RandomElement", "RandomElement\RandomElement.csproj", "{5A2C0E0D-71E0-4F28-AAD9-11DEA8224BAD}"
EndProject
Project("{FAE04EC0-301F-11D3-BF4B-00C04F79EFBC}") = "NumberArray", "NumberArray\NumberArray.csproj", "{89B9840F-A967-49F9-9C5F-3551CF93FA4E}"
EndProject
Project("{FAE04EC0-301F-11D3-BF4B-00C04F79EFBC}") = "Arrays", "Arrays\Arrays.csproj", "{3DEBD535-AD0F-43E1-8442-727FF46C5798}"
EndProject
Global
	GlobalSection(SolutionConfigurationPlatforms) = preSolution
		Debug|Any CPU = Debug|Any CPU
		Release|Any CPU = Release|Any CPU
	EndGlobalSection
	GlobalSection(ProjectConfigurationPlatforms) = postSolution
		{CA1EC994-38A7-4A96-B072-61B625E193BF}.Debug|Any CPU.ActiveCfg = Debug|Any CPU
		{CA1EC994-38A7-4A96-B072-61B625E193BF}.Debug|Any CPU.Build.0 = Debug|Any CPU
		{CA1EC994-38A7-4A96-B072-61B625E193BF}.Release|Any CPU.ActiveCfg = Release|Any CPU
		{CA1EC994-38A7-4A96-B072-61B625E193BF}.Release|Any CPU.Build.0 = Release|Any CPU
		{5A2C0E0D-71E0-4F28-AAD9-11DEA8224BAD}.Debug|Any CPU.ActiveCfg = Debug|Any CPU
		{5A2C0E0D-71E0-4F28-AAD9-11DEA8224BAD}.Debug|Any CPU.Build.0 = Debug|Any CPU
		{5A2C0E0D-71E0-4F28-AAD9-11DEA8224BAD}.Release|Any CPU.ActiveCfg = Release|Any CPU
		{5A2C0E0D-71E0-4F28-AAD9-11DEA8224BAD}.Release|Any CPU.Build.0 = Release|Any CPU
		{89B9840F-A967-49F9-9C5F-3551CF93FA4E}.Debug|Any CPU.ActiveCfg = Debug|Any CPU
		{89B9840F-A967-49F9-9C5F-3551CF93FA4E}.Debug|Any CPU.Build.0 = Debug|Any CPU
		{89B9840F-A967-49F9-9C5F-3551CF93FA4E}.Release|Any CPU.ActiveCfg = Release|Any CPU
		{89B9840F-A967-49F9-9C5F-3551CF93FA4E}.Release|Any CPU.Build.0 = Release|Any CPU
		{3DEBD535-AD0F-43E1-8442-727FF46C5798}.Debug|Any CPU.ActiveCfg = Debug|Any CPU
		{3DEBD535-AD0F-43E1-8442-727FF46C5798}.Debug|Any CPU.Build.0 = Debug|Any CPU
		{3DEBD535-AD0F-43E1-8442-727FF46C5798}.Release|Any CPU.ActiveCfg = Release|Any CPU
		{3DEBD535-AD0F-43E1-8442-727FF46C5798}.Release|Any CPU.Build.0 = Release|Any CPU
	EndGlobalSection
	GlobalSection(SolutionProperties) = preSolution
		HideSolutionNode = FALSE
	EndGlobalSection
	GlobalSection(ExtensibilityGlobals) = postSolution
		SolutionGuid = {54C273E1-D6ED-4688-AC7B-D99A2D8178A7}
	EndGlobalSection
EndGlobal
